
Microsoft Visual Studio Solution File, Format Version 12.00
# Visual Studio Version 16
VisualStudioVersion = 16.0.33927.289
MinimumVisualStudioVersion = 10.0.40219.1
Project("{2150E333-8FDC-42A3-9474-1A3956D46DE8}") = "Task0", "Task0", "{1825348D-5A2F-412F-956E-B73D020143A4}"
EndProject
Project("{FAE04EC0-301F-11D3-BF4B-00C04F79EFBC}") = "Tyuiu.GurevskayaVE.Sprint3.Task0.V8", "Tyuiu.GurevskayaVE.Sprint3.Task0.V8\Tyuiu.GurevskayaVE.Sprint3.Task0.V8.csproj", "{F4350BD6-639D-4C04-877D-E8CA92DD6402}"
EndProject
Project("{FAE04EC0-301F-11D3-BF4B-00C04F79EFBC}") = "Tyuiu.GurevskayaVE.Sprint3.Task0.V8.Lib", "Tyuiu.GurevskayaVE.Sprint3.Task0.V8.Lib\Tyuiu.GurevskayaVE.Sprint3.Task0.V8.Lib.csproj", "{47D897B8-AF15-4980-88E9-7ADB1F0C8706}"
EndProject
Project("{FAE04EC0-301F-11D3-BF4B-00C04F79EFBC}") = "Tyuiu.GurevskayaVE.Sprint3.Task0.V8.Test", "Tyuiu.GurevskayaVE.Sprint3.Task0.V8.Test\Tyuiu.GurevskayaVE.Sprint3.Task0.V8.Test.csproj", "{EC719836-E571-40F2-BBBF-1A570E7B1ABF}"
EndProject
Project("{2150E333-8FDC-42A3-9474-1A3956D46DE8}") = "Task1", "Task1", "{33F39A7D-E0B1-4141-984E-2B3FD5F60BB5}"
EndProject
Project("{FAE04EC0-301F-11D3-BF4B-00C04F79EFBC}") = "Tyuiu.GurevskayaVE.Sprint3.Task1.V24", "Tyuiu.GurevskayaVE.Sprint3.Task1.V24\Tyuiu.GurevskayaVE.Sprint3.Task1.V24.csproj", "{367311E8-B1B4-49C6-A0E4-190427513B24}"
EndProject
Project("{FAE04EC0-301F-11D3-BF4B-00C04F79EFBC}") = "Tyuiu.GurevskayaVE.Sprint3.Task1.V24.Lib", "Tyuiu.GurevskayaVE.Sprint3.Task1.V24.Lib\Tyuiu.GurevskayaVE.Sprint3.Task1.V24.Lib.csproj", "{66DAA478-9B86-46C7-9B20-56CD078546E5}"
EndProject
Project("{FAE04EC0-301F-11D3-BF4B-00C04F79EFBC}") = "Tyuiu.GurevskayaVE.Sprint3.Task1.V24.Test", "Tyuiu.GurevskayaVE.Sprint3.Task1.V24.Test\Tyuiu.GurevskayaVE.Sprint3.Task1.V24.Test.csproj", "{7EBC6ED6-A905-4CA4-9BC8-CB9466D08E42}"
EndProject
Project("{2150E333-8FDC-42A3-9474-1A3956D46DE8}") = "Task2", "Task2", "{B80B3816-E88A-4F40-8D98-1F2EA7FF8276}"
EndProject
Project("{FAE04EC0-301F-11D3-BF4B-00C04F79EFBC}") = "Tyuiu.GurevskayaVE.Sprint3.Task2.V10", "Tyuiu.GurevskayaVE.Sprint3.Task2.V10\Tyuiu.GurevskayaVE.Sprint3.Task2.V10.csproj", "{6042F93A-526E-4E32-AD2C-848FBC3071EB}"
EndProject
Project("{FAE04EC0-301F-11D3-BF4B-00C04F79EFBC}") = "Tyuiu.GurevskayaVE.Sprint3.Task2.V10.Lib", "Tyuiu.GurevskayaVE.Sprint3.Task2.V10.Lib\Tyuiu.GurevskayaVE.Sprint3.Task2.V10.Lib.csproj", "{9855B1A0-3733-45C5-9C82-4A7715F8367E}"
EndProject
Project("{FAE04EC0-301F-11D3-BF4B-00C04F79EFBC}") = "Tyuiu.GurevskayaVE.Sprint3.Task2.V10.Test", "Tyuiu.GurevskayaVE.Sprint3.Task2.V10.Test\Tyuiu.GurevskayaVE.Sprint3.Task2.V10.Test.csproj", "{D43F08EE-CD3D-433E-8D6F-194625783B76}"
EndProject
Project("{2150E333-8FDC-42A3-9474-1A3956D46DE8}") = "task22", "task22", "{3D78CC14-0271-4165-A234-E0C26118FC4B}"
EndProject
Project("{FAE04EC0-301F-11D3-BF4B-00C04F79EFBC}") = "Tyuiu.GurevskayaVE.Sprint3.Task2.V25", "Tyuiu.GurevskayaVE.Sprint3.Task2.V25\Tyuiu.GurevskayaVE.Sprint3.Task2.V25.csproj", "{A003769A-0ECB-4D50-BB3C-2981EC455F1D}"
EndProject
Project("{FAE04EC0-301F-11D3-BF4B-00C04F79EFBC}") = "Tyuiu.GurevskayaVE.Sprint3.Task2.V25.Lib", "Tyuiu.GurevskayaVE.Sprint3.Task2.V25.Lib\Tyuiu.GurevskayaVE.Sprint3.Task2.V25.Lib.csproj", "{35B554B8-C86C-42F3-A35D-13EB97ECCA5A}"
EndProject
Project("{FAE04EC0-301F-11D3-BF4B-00C04F79EFBC}") = "Tyuiu.GurevskayaVE.Sprint3.Task2.V25.Test", "Tyuiu.GurevskayaVE.Sprint3.Task2.V25.Test\Tyuiu.GurevskayaVE.Sprint3.Task2.V25.Test.csproj", "{579310DF-CB92-43A9-8B19-D04BF13EF4DF}"
EndProject
Project("{2150E333-8FDC-42A3-9474-1A3956D46DE8}") = "task3", "task3", "{B1341F8A-9005-4D8C-9AD7-DE213561CCBB}"
EndProject
Project("{FAE04EC0-301F-11D3-BF4B-00C04F79EFBC}") = "Tyuiu.GurevskayaVE.Sprint3.Task3.V23", "Tyuiu.GurevskayaVE.Sprint3.Task3.V23\Tyuiu.GurevskayaVE.Sprint3.Task3.V23.csproj", "{523C3005-062A-4C41-A182-BF8F78A0C32F}"
EndProject
Project("{FAE04EC0-301F-11D3-BF4B-00C04F79EFBC}") = "Tyuiu.GurevskayaVE.Sprint3.Task3.V23.Lib", "Tyuiu.GurevskayaVE.Sprint3.Task3.V23.Lib\Tyuiu.GurevskayaVE.Sprint3.Task3.V23.Lib.csproj", "{01167ED2-F5DF-4616-8100-1C374FF0D0DC}"
EndProject
Project("{FAE04EC0-301F-11D3-BF4B-00C04F79EFBC}") = "Tyuiu.GurevskayaVE.Sprint3.Task3.V23.Test", "Tyuiu.GurevskayaVE.Sprint3.Task3.V23.Test\Tyuiu.GurevskayaVE.Sprint3.Task3.V23.Test.csproj", "{8BA38540-5A96-4399-B562-3F35D1F9C115}"
EndProject
Global
	GlobalSection(SolutionConfigurationPlatforms) = preSolution
		Debug|Any CPU = Debug|Any CPU
		Release|Any CPU = Release|Any CPU
	EndGlobalSection
	GlobalSection(ProjectConfigurationPlatforms) = postSolution
		{F4350BD6-639D-4C04-877D-E8CA92DD6402}.Debug|Any CPU.ActiveCfg = Debug|Any CPU
		{F4350BD6-639D-4C04-877D-E8CA92DD6402}.Debug|Any CPU.Build.0 = Debug|Any CPU
		{F4350BD6-639D-4C04-877D-E8CA92DD6402}.Release|Any CPU.ActiveCfg = Release|Any CPU
		{F4350BD6-639D-4C04-877D-E8CA92DD6402}.Release|Any CPU.Build.0 = Release|Any CPU
		{47D897B8-AF15-4980-88E9-7ADB1F0C8706}.Debug|Any CPU.ActiveCfg = Debug|Any CPU
		{47D897B8-AF15-4980-88E9-7ADB1F0C8706}.Debug|Any CPU.Build.0 = Debug|Any CPU
		{47D897B8-AF15-4980-88E9-7ADB1F0C8706}.Release|Any CPU.ActiveCfg = Release|Any CPU
		{47D897B8-AF15-4980-88E9-7ADB1F0C8706}.Release|Any CPU.Build.0 = Release|Any CPU
		{EC719836-E571-40F2-BBBF-1A570E7B1ABF}.Debug|Any CPU.ActiveCfg = Debug|Any CPU
		{EC719836-E571-40F2-BBBF-1A570E7B1ABF}.Debug|Any CPU.Build.0 = Debug|Any CPU
		{EC719836-E571-40F2-BBBF-1A570E7B1ABF}.Release|Any CPU.ActiveCfg = Release|Any CPU
		{EC719836-E571-40F2-BBBF-1A570E7B1ABF}.Release|Any CPU.Build.0 = Release|Any CPU
		{367311E8-B1B4-49C6-A0E4-190427513B24}.Debug|Any CPU.ActiveCfg = Debug|Any CPU
		{367311E8-B1B4-49C6-A0E4-190427513B24}.Debug|Any CPU.Build.0 = Debug|Any CPU
		{367311E8-B1B4-49C6-A0E4-190427513B24}.Release|Any CPU.ActiveCfg = Release|Any CPU
		{367311E8-B1B4-49C6-A0E4-190427513B24}.Release|Any CPU.Build.0 = Release|Any CPU
		{66DAA478-9B86-46C7-9B20-56CD078546E5}.Debug|Any CPU.ActiveCfg = Debug|Any CPU
		{66DAA478-9B86-46C7-9B20-56CD078546E5}.Debug|Any CPU.Build.0 = Debug|Any CPU
		{66DAA478-9B86-46C7-9B20-56CD078546E5}.Release|Any CPU.ActiveCfg = Release|Any CPU
		{66DAA478-9B86-46C7-9B20-56CD078546E5}.Release|Any CPU.Build.0 = Release|Any CPU
		{7EBC6ED6-A905-4CA4-9BC8-CB9466D08E42}.Debug|Any CPU.ActiveCfg = Debug|Any CPU
		{7EBC6ED6-A905-4CA4-9BC8-CB9466D08E42}.Debug|Any CPU.Build.0 = Debug|Any CPU
		{7EBC6ED6-A905-4CA4-9BC8-CB9466D08E42}.Release|Any CPU.ActiveCfg = Release|Any CPU
		{7EBC6ED6-A905-4CA4-9BC8-CB9466D08E42}.Release|Any CPU.Build.0 = Release|Any CPU
		{6042F93A-526E-4E32-AD2C-848FBC3071EB}.Debug|Any CPU.ActiveCfg = Debug|Any CPU
		{6042F93A-526E-4E32-AD2C-848FBC3071EB}.Debug|Any CPU.Build.0 = Debug|Any CPU
		{6042F93A-526E-4E32-AD2C-848FBC3071EB}.Release|Any CPU.ActiveCfg = Release|Any CPU
		{6042F93A-526E-4E32-AD2C-848FBC3071EB}.Release|Any CPU.Build.0 = Release|Any CPU
		{9855B1A0-3733-45C5-9C82-4A7715F8367E}.Debug|Any CPU.ActiveCfg = Debug|Any CPU
		{9855B1A0-3733-45C5-9C82-4A7715F8367E}.Debug|Any CPU.Build.0 = Debug|Any CPU
		{9855B1A0-3733-45C5-9C82-4A7715F8367E}.Release|Any CPU.ActiveCfg = Release|Any CPU
		{9855B1A0-3733-45C5-9C82-4A7715F8367E}.Release|Any CPU.Build.0 = Release|Any CPU
		{D43F08EE-CD3D-433E-8D6F-194625783B76}.Debug|Any CPU.ActiveCfg = Debug|Any CPU
		{D43F08EE-CD3D-433E-8D6F-194625783B76}.Debug|Any CPU.Build.0 = Debug|Any CPU
		{D43F08EE-CD3D-433E-8D6F-194625783B76}.Release|Any CPU.ActiveCfg = Release|Any CPU
		{D43F08EE-CD3D-433E-8D6F-194625783B76}.Release|Any CPU.Build.0 = Release|Any CPU
		{A003769A-0ECB-4D50-BB3C-2981EC455F1D}.Debug|Any CPU.ActiveCfg = Debug|Any CPU
		{A003769A-0ECB-4D50-BB3C-2981EC455F1D}.Debug|Any CPU.Build.0 = Debug|Any CPU
		{A003769A-0ECB-4D50-BB3C-2981EC455F1D}.Release|Any CPU.ActiveCfg = Release|Any CPU
		{A003769A-0ECB-4D50-BB3C-2981EC455F1D}.Release|Any CPU.Build.0 = Release|Any CPU
		{35B554B8-C86C-42F3-A35D-13EB97ECCA5A}.Debug|Any CPU.ActiveCfg = Debug|Any CPU
		{35B554B8-C86C-42F3-A35D-13EB97ECCA5A}.Debug|Any CPU.Build.0 = Debug|Any CPU
		{35B554B8-C86C-42F3-A35D-13EB97ECCA5A}.Release|Any CPU.ActiveCfg = Release|Any CPU
		{35B554B8-C86C-42F3-A35D-13EB97ECCA5A}.Release|Any CPU.Build.0 = Release|Any CPU
		{579310DF-CB92-43A9-8B19-D04BF13EF4DF}.Debug|Any CPU.ActiveCfg = Debug|Any CPU
		{579310DF-CB92-43A9-8B19-D04BF13EF4DF}.Debug|Any CPU.Build.0 = Debug|Any CPU
		{579310DF-CB92-43A9-8B19-D04BF13EF4DF}.Release|Any CPU.ActiveCfg = Release|Any CPU
		{579310DF-CB92-43A9-8B19-D04BF13EF4DF}.Release|Any CPU.Build.0 = Release|Any CPU
		{523C3005-062A-4C41-A182-BF8F78A0C32F}.Debug|Any CPU.ActiveCfg = Debug|Any CPU
		{523C3005-062A-4C41-A182-BF8F78A0C32F}.Debug|Any CPU.Build.0 = Debug|Any CPU
		{523C3005-062A-4C41-A182-BF8F78A0C32F}.Release|Any CPU.ActiveCfg = Release|Any CPU
		{523C3005-062A-4C41-A182-BF8F78A0C32F}.Release|Any CPU.Build.0 = Release|Any CPU
		{01167ED2-F5DF-4616-8100-1C374FF0D0DC}.Debug|Any CPU.ActiveCfg = Debug|Any CPU
		{01167ED2-F5DF-4616-8100-1C374FF0D0DC}.Debug|Any CPU.Build.0 = Debug|Any CPU
		{01167ED2-F5DF-4616-8100-1C374FF0D0DC}.Release|Any CPU.ActiveCfg = Release|Any CPU
		{01167ED2-F5DF-4616-8100-1C374FF0D0DC}.Release|Any CPU.Build.0 = Release|Any CPU
		{8BA38540-5A96-4399-B562-3F35D1F9C115}.Debug|Any CPU.ActiveCfg = Debug|Any CPU
		{8BA38540-5A96-4399-B562-3F35D1F9C115}.Debug|Any CPU.Build.0 = Debug|Any CPU
		{8BA38540-5A96-4399-B562-3F35D1F9C115}.Release|Any CPU.ActiveCfg = Release|Any CPU
		{8BA38540-5A96-4399-B562-3F35D1F9C115}.Release|Any CPU.Build.0 = Release|Any CPU
	EndGlobalSection
	GlobalSection(SolutionProperties) = preSolution
		HideSolutionNode = FALSE
	EndGlobalSection
	GlobalSection(NestedProjects) = preSolution
		{F4350BD6-639D-4C04-877D-E8CA92DD6402} = {1825348D-5A2F-412F-956E-B73D020143A4}
		{47D897B8-AF15-4980-88E9-7ADB1F0C8706} = {1825348D-5A2F-412F-956E-B73D020143A4}
		{EC719836-E571-40F2-BBBF-1A570E7B1ABF} = {1825348D-5A2F-412F-956E-B73D020143A4}
		{367311E8-B1B4-49C6-A0E4-190427513B24} = {33F39A7D-E0B1-4141-984E-2B3FD5F60BB5}
		{66DAA478-9B86-46C7-9B20-56CD078546E5} = {33F39A7D-E0B1-4141-984E-2B3FD5F60BB5}
		{7EBC6ED6-A905-4CA4-9BC8-CB9466D08E42} = {33F39A7D-E0B1-4141-984E-2B3FD5F60BB5}
		{6042F93A-526E-4E32-AD2C-848FBC3071EB} = {B80B3816-E88A-4F40-8D98-1F2EA7FF8276}
		{9855B1A0-3733-45C5-9C82-4A7715F8367E} = {B80B3816-E88A-4F40-8D98-1F2EA7FF8276}
		{D43F08EE-CD3D-433E-8D6F-194625783B76} = {B80B3816-E88A-4F40-8D98-1F2EA7FF8276}
		{A003769A-0ECB-4D50-BB3C-2981EC455F1D} = {3D78CC14-0271-4165-A234-E0C26118FC4B}
		{35B554B8-C86C-42F3-A35D-13EB97ECCA5A} = {3D78CC14-0271-4165-A234-E0C26118FC4B}
		{579310DF-CB92-43A9-8B19-D04BF13EF4DF} = {3D78CC14-0271-4165-A234-E0C26118FC4B}
		{523C3005-062A-4C41-A182-BF8F78A0C32F} = {B1341F8A-9005-4D8C-9AD7-DE213561CCBB}
		{01167ED2-F5DF-4616-8100-1C374FF0D0DC} = {B1341F8A-9005-4D8C-9AD7-DE213561CCBB}
		{8BA38540-5A96-4399-B562-3F35D1F9C115} = {B1341F8A-9005-4D8C-9AD7-DE213561CCBB}
	EndGlobalSection
	GlobalSection(ExtensibilityGlobals) = postSolution
		SolutionGuid = {E0D531CB-75A6-4020-98CF-49E69446595F}
	EndGlobalSection
EndGlobal
